
Microsoft Visual Studio Solution File, Format Version 12.00
# Visual Studio Version 17
VisualStudioVersion = 17.13.35931.197 d17.13
MinimumVisualStudioVersion = 10.0.40219.1
Project("{FAE04EC0-301F-11D3-BF4B-00C04F79EFBC}") = "CurriculumAdapter.API", "CurriculumAdapter.API\CurriculumAdapter.API.csproj", "{BEB3FBE2-F8EC-43C9-89EF-1F79B4D30C7E}"
EndProject
Global
	GlobalSection(SolutionConfigurationPlatforms) = preSolution
		Debug|Any CPU = Debug|Any CPU
		Release|Any CPU = Release|Any CPU
	EndGlobalSection
	GlobalSection(ProjectConfigurationPlatforms) = postSolution
		{BEB3FBE2-F8EC-43C9-89EF-1F79B4D30C7E}.Debug|Any CPU.ActiveCfg = Debug|Any CPU
		{BEB3FBE2-F8EC-43C9-89EF-1F79B4D30C7E}.Debug|Any CPU.Build.0 = Debug|Any CPU
		{BEB3FBE2-F8EC-43C9-89EF-1F79B4D30C7E}.Release|Any CPU.ActiveCfg = Release|Any CPU
		{BEB3FBE2-F8EC-43C9-89EF-1F79B4D30C7E}.Release|Any CPU.Build.0 = Release|Any CPU
	EndGlobalSection
	GlobalSection(SolutionProperties) = preSolution
		HideSolutionNode = FALSE
	EndGlobalSection
	GlobalSection(ExtensibilityGlobals) = postSolution
		SolutionGuid = {7F3936CA-921E-4547-8447-FFC6EEFB612D}
	EndGlobalSection
EndGlobal
